// !$*UTF8*$!
{
	archiveVersion = 1;
	classes = {
	};
	objectVersion = 56;
	objects = {

/* Begin PBXBuildFile section */
		071FAB7329AFF3DD003D1D3A /* ApiService.swift in Sources */ = {isa = PBXBuildFile; fileRef = 071FAB7229AFF3DD003D1D3A /* ApiService.swift */; };
		071FAB7629AFF51C003D1D3A /* Alamofire in Frameworks */ = {isa = PBXBuildFile; productRef = 071FAB7529AFF51C003D1D3A /* Alamofire */; };
		071FAB7929B00315003D1D3A /* Brands.swift in Sources */ = {isa = PBXBuildFile; fileRef = 071FAB7829B00315003D1D3A /* Brands.swift */; };
		071FAB7C29B00581003D1D3A /* Kingfisher in Frameworks */ = {isa = PBXBuildFile; productRef = 071FAB7B29B00581003D1D3A /* Kingfisher */; };
		071FAB7E29B01EA7003D1D3A /* ProductsViewController.swift in Sources */ = {isa = PBXBuildFile; fileRef = 071FAB7D29B01EA7003D1D3A /* ProductsViewController.swift */; };
		071FAB8029B01EF5003D1D3A /* ProductCollectionViewCell.swift in Sources */ = {isa = PBXBuildFile; fileRef = 071FAB7F29B01EF5003D1D3A /* ProductCollectionViewCell.swift */; };
		0738B1B729AF8AB900F9375F /* AppDelegate.swift in Sources */ = {isa = PBXBuildFile; fileRef = 0738B1B629AF8AB900F9375F /* AppDelegate.swift */; };
		0738B1B929AF8AB900F9375F /* SceneDelegate.swift in Sources */ = {isa = PBXBuildFile; fileRef = 0738B1B829AF8AB900F9375F /* SceneDelegate.swift */; };
		0738B1BB29AF8AB900F9375F /* ViewController.swift in Sources */ = {isa = PBXBuildFile; fileRef = 0738B1BA29AF8AB900F9375F /* ViewController.swift */; };
		0738B1BE29AF8AB900F9375F /* Main.storyboard in Resources */ = {isa = PBXBuildFile; fileRef = 0738B1BC29AF8AB900F9375F /* Main.storyboard */; };
		0738B1C129AF8AB900F9375F /* E_commerce.xcdatamodeld in Sources */ = {isa = PBXBuildFile; fileRef = 0738B1BF29AF8AB900F9375F /* E_commerce.xcdatamodeld */; };
		0738B1C329AF8ABB00F9375F /* Assets.xcassets in Resources */ = {isa = PBXBuildFile; fileRef = 0738B1C229AF8ABB00F9375F /* Assets.xcassets */; };
		0738B1C629AF8ABB00F9375F /* LaunchScreen.storyboard in Resources */ = {isa = PBXBuildFile; fileRef = 0738B1C429AF8ABB00F9375F /* LaunchScreen.storyboard */; };
		0738B1D129AF8ABB00F9375F /* E_commerceTests.swift in Sources */ = {isa = PBXBuildFile; fileRef = 0738B1D029AF8ABB00F9375F /* E_commerceTests.swift */; };
		0738B1DB29AF8ABB00F9375F /* E_commerceUITests.swift in Sources */ = {isa = PBXBuildFile; fileRef = 0738B1DA29AF8ABB00F9375F /* E_commerceUITests.swift */; };
		0738B1DD29AF8ABB00F9375F /* E_commerceUITestsLaunchTests.swift in Sources */ = {isa = PBXBuildFile; fileRef = 0738B1DC29AF8ABB00F9375F /* E_commerceUITestsLaunchTests.swift */; };
		074A07A229B3F0F900921383 /* ProductsViewModel.swift in Sources */ = {isa = PBXBuildFile; fileRef = 074A07A129B3F0F900921383 /* ProductsViewModel.swift */; };
		07525D2829AFC6E20056EEAB /* MeViewController.swift in Sources */ = {isa = PBXBuildFile; fileRef = 07525D2729AFC6E20056EEAB /* MeViewController.swift */; };
		07525D2A29AFC7830056EEAB /* OrderTableViewCell.swift in Sources */ = {isa = PBXBuildFile; fileRef = 07525D2929AFC7830056EEAB /* OrderTableViewCell.swift */; };
		07525D2C29AFC8830056EEAB /* WishTableViewCell.swift in Sources */ = {isa = PBXBuildFile; fileRef = 07525D2B29AFC8830056EEAB /* WishTableViewCell.swift */; };
		076DCFA929B6116A006D90FF /* Category.swift in Sources */ = {isa = PBXBuildFile; fileRef = 076DCFA829B6116A006D90FF /* Category.swift */; };
		076DCFAC29B61191006D90FF /* Floaty in Frameworks */ = {isa = PBXBuildFile; productRef = 076DCFAB29B61191006D90FF /* Floaty */; };
		076DCFAF29B61529006D90FF /* CategoryViewModel.swift in Sources */ = {isa = PBXBuildFile; fileRef = 076DCFAE29B61529006D90FF /* CategoryViewModel.swift */; };
		0783EFAE29AF9748009592E7 /* HomeViewController.swift in Sources */ = {isa = PBXBuildFile; fileRef = 0783EFAD29AF9748009592E7 /* HomeViewController.swift */; };
		0783EFB229AFA21E009592E7 /* BrandsCollectionViewCell.swift in Sources */ = {isa = PBXBuildFile; fileRef = 0783EFB129AFA21E009592E7 /* BrandsCollectionViewCell.swift */; };
		0783EFB429AFA240009592E7 /* AdsCollectionViewCell.swift in Sources */ = {isa = PBXBuildFile; fileRef = 0783EFB329AFA240009592E7 /* AdsCollectionViewCell.swift */; };
		0783EFB629AFB8EF009592E7 /* CategoryViewController.swift in Sources */ = {isa = PBXBuildFile; fileRef = 0783EFB529AFB8EF009592E7 /* CategoryViewController.swift */; };
		0783EFB829AFB954009592E7 /* CategoryCollectionViewCell.swift in Sources */ = {isa = PBXBuildFile; fileRef = 0783EFB729AFB954009592E7 /* CategoryCollectionViewCell.swift */; };
		07D25D0429B0C5B200A99E92 /* HomeViewModel.swift in Sources */ = {isa = PBXBuildFile; fileRef = 07D25D0329B0C5B200A99E92 /* HomeViewModel.swift */; };
		07D25D0929B0DC4F00A99E92 /* product.swift in Sources */ = {isa = PBXBuildFile; fileRef = 07D25D0829B0DC4F00A99E92 /* product.swift */; };
		39661D6129B692FF00B2C8A5 /* AboutViewController.swift in Sources */ = {isa = PBXBuildFile; fileRef = 39661D6029B692FF00B2C8A5 /* AboutViewController.swift */; };
		39661D6529B693A200B2C8A5 /* SettingsViewController.swift in Sources */ = {isa = PBXBuildFile; fileRef = 39661D6429B693A100B2C8A5 /* SettingsViewController.swift */; };
		39661D6729B693F600B2C8A5 /* PaymentViewController.swift in Sources */ = {isa = PBXBuildFile; fileRef = 39661D6629B693F500B2C8A5 /* PaymentViewController.swift */; };
		39661D6929B6943B00B2C8A5 /* ContactUs.swift in Sources */ = {isa = PBXBuildFile; fileRef = 39661D6829B6943B00B2C8A5 /* ContactUs.swift */; };
		ABC55C3729B19E8C00444FE8 /* AddNewAddressViewController.swift in Sources */ = {isa = PBXBuildFile; fileRef = ABC55C3629B19E8C00444FE8 /* AddNewAddressViewController.swift */; };
		DD0FA16529B3AAF1002692E8 /* CustomerModel.swift in Sources */ = {isa = PBXBuildFile; fileRef = DD0FA16429B3AAF1002692E8 /* CustomerModel.swift */; };
		DD0FA16829B3BA4C002692E8 /* CustomerNetworkManager.swift in Sources */ = {isa = PBXBuildFile; fileRef = DD0FA16729B3BA4C002692E8 /* CustomerNetworkManager.swift */; };
		DD0FA16B29B3BCF4002692E8 /* SignupViewModel.swift in Sources */ = {isa = PBXBuildFile; fileRef = DD0FA16A29B3BCF4002692E8 /* SignupViewModel.swift */; };
		DD0FA16E29B3F95B002692E8 /* LoginNetworkService.swift in Sources */ = {isa = PBXBuildFile; fileRef = DD0FA16D29B3F95B002692E8 /* LoginNetworkService.swift */; };
		DD0FA17129B41D3A002692E8 /* LoginViewModel.swift in Sources */ = {isa = PBXBuildFile; fileRef = DD0FA17029B41D3A002692E8 /* LoginViewModel.swift */; };
		DD0FA17329B42257002692E8 /* CustomerLoginModel.swift in Sources */ = {isa = PBXBuildFile; fileRef = DD0FA17229B42257002692E8 /* CustomerLoginModel.swift */; };
		DD88140629B11E2B006C791A /* SettingTableViewCell.swift in Sources */ = {isa = PBXBuildFile; fileRef = DD88140129B11E2A006C791A /* SettingTableViewCell.swift */; };
		DD88140729B11E2B006C791A /* AddressTableViewCell.swift in Sources */ = {isa = PBXBuildFile; fileRef = DD88140229B11E2A006C791A /* AddressTableViewCell.swift */; };
		DD88140829B11E2B006C791A /* AddressViewController.swift in Sources */ = {isa = PBXBuildFile; fileRef = DD88140329B11E2B006C791A /* AddressViewController.swift */; };
		DD88141829B122AE006C791A /* ShopingCartTableViewCell.swift in Sources */ = {isa = PBXBuildFile; fileRef = DD88141329B122AD006C791A /* ShopingCartTableViewCell.swift */; };
		DD88141929B122AE006C791A /* ShopingCartVC.swift in Sources */ = {isa = PBXBuildFile; fileRef = DD88141429B122AD006C791A /* ShopingCartVC.swift */; };
		DD88141A29B122AE006C791A /* PlaceOrderVC.swift in Sources */ = {isa = PBXBuildFile; fileRef = DD88141529B122AE006C791A /* PlaceOrderVC.swift */; };
		DD88141B29B122AE006C791A /* OrderDetialsTableViewCell.swift in Sources */ = {isa = PBXBuildFile; fileRef = DD88141629B122AE006C791A /* OrderDetialsTableViewCell.swift */; };
		DD88141C29B122AE006C791A /* OrderDetailsVC.swift in Sources */ = {isa = PBXBuildFile; fileRef = DD88141729B122AE006C791A /* OrderDetailsVC.swift */; };
		DD89C9EC29B575EB006F1A93 /* HomeTabBarController.swift in Sources */ = {isa = PBXBuildFile; fileRef = DD89C9EB29B575EB006F1A93 /* HomeTabBarController.swift */; };
		DDA4BBAF29B12733004C6406 /* MainViewController.swift in Sources */ = {isa = PBXBuildFile; fileRef = DDA4BBAA29B12732004C6406 /* MainViewController.swift */; };
		DDA4BBB029B12733004C6406 /* LoginViewController.swift in Sources */ = {isa = PBXBuildFile; fileRef = DDA4BBAB29B12733004C6406 /* LoginViewController.swift */; };
		DDA4BBB129B12733004C6406 /* ProductDetailsCellViewController.swift in Sources */ = {isa = PBXBuildFile; fileRef = DDA4BBAC29B12733004C6406 /* ProductDetailsCellViewController.swift */; };
		DDA4BBB229B12733004C6406 /* SignUpViewController.swift in Sources */ = {isa = PBXBuildFile; fileRef = DDA4BBAD29B12733004C6406 /* SignUpViewController.swift */; };
		DDA4BBB329B12733004C6406 /* ProductDetailsViewController.swift in Sources */ = {isa = PBXBuildFile; fileRef = DDA4BBAE29B12733004C6406 /* ProductDetailsViewController.swift */; };
		DDAFFB5129B62B0800C07CCA /* ProductDetailModel.swift in Sources */ = {isa = PBXBuildFile; fileRef = DDAFFB5029B62B0800C07CCA /* ProductDetailModel.swift */; };
		DDAFFB5329B6360E00C07CCA /* ProductDetailsViewModel.swift in Sources */ = {isa = PBXBuildFile; fileRef = DDAFFB5229B6360E00C07CCA /* ProductDetailsViewModel.swift */; };
		DDAFFB5629B6691F00C07CCA /* WishListViewController.swift in Sources */ = {isa = PBXBuildFile; fileRef = DDAFFB5529B6691F00C07CCA /* WishListViewController.swift */; };
/* End PBXBuildFile section */

/* Begin PBXContainerItemProxy section */
		0738B1CD29AF8ABB00F9375F /* PBXContainerItemProxy */ = {
			isa = PBXContainerItemProxy;
			containerPortal = 0738B1AB29AF8AB900F9375F /* Project object */;
			proxyType = 1;
			remoteGlobalIDString = 0738B1B229AF8AB900F9375F;
			remoteInfo = "E-commerce";
		};
		0738B1D729AF8ABB00F9375F /* PBXContainerItemProxy */ = {
			isa = PBXContainerItemProxy;
			containerPortal = 0738B1AB29AF8AB900F9375F /* Project object */;
			proxyType = 1;
			remoteGlobalIDString = 0738B1B229AF8AB900F9375F;
			remoteInfo = "E-commerce";
		};
/* End PBXContainerItemProxy section */

/* Begin PBXFileReference section */
		071FAB7229AFF3DD003D1D3A /* ApiService.swift */ = {isa = PBXFileReference; lastKnownFileType = sourcecode.swift; path = ApiService.swift; sourceTree = "<group>"; };
		071FAB7829B00315003D1D3A /* Brands.swift */ = {isa = PBXFileReference; lastKnownFileType = sourcecode.swift; path = Brands.swift; sourceTree = "<group>"; };
		071FAB7D29B01EA7003D1D3A /* ProductsViewController.swift */ = {isa = PBXFileReference; lastKnownFileType = sourcecode.swift; path = ProductsViewController.swift; sourceTree = "<group>"; };
		071FAB7F29B01EF5003D1D3A /* ProductCollectionViewCell.swift */ = {isa = PBXFileReference; lastKnownFileType = sourcecode.swift; path = ProductCollectionViewCell.swift; sourceTree = "<group>"; };
		0738B1B329AF8AB900F9375F /* E-commerce.app */ = {isa = PBXFileReference; explicitFileType = wrapper.application; includeInIndex = 0; path = "E-commerce.app"; sourceTree = BUILT_PRODUCTS_DIR; };
		0738B1B629AF8AB900F9375F /* AppDelegate.swift */ = {isa = PBXFileReference; lastKnownFileType = sourcecode.swift; path = AppDelegate.swift; sourceTree = "<group>"; };
		0738B1B829AF8AB900F9375F /* SceneDelegate.swift */ = {isa = PBXFileReference; lastKnownFileType = sourcecode.swift; path = SceneDelegate.swift; sourceTree = "<group>"; };
		0738B1BA29AF8AB900F9375F /* ViewController.swift */ = {isa = PBXFileReference; lastKnownFileType = sourcecode.swift; path = ViewController.swift; sourceTree = "<group>"; };
		0738B1BD29AF8AB900F9375F /* Base */ = {isa = PBXFileReference; lastKnownFileType = file.storyboard; name = Base; path = Base.lproj/Main.storyboard; sourceTree = "<group>"; };
		0738B1C029AF8AB900F9375F /* E_commerce.xcdatamodel */ = {isa = PBXFileReference; lastKnownFileType = wrapper.xcdatamodel; path = E_commerce.xcdatamodel; sourceTree = "<group>"; };
		0738B1C229AF8ABB00F9375F /* Assets.xcassets */ = {isa = PBXFileReference; lastKnownFileType = folder.assetcatalog; path = Assets.xcassets; sourceTree = "<group>"; };
		0738B1C529AF8ABB00F9375F /* Base */ = {isa = PBXFileReference; lastKnownFileType = file.storyboard; name = Base; path = Base.lproj/LaunchScreen.storyboard; sourceTree = "<group>"; };
		0738B1C729AF8ABB00F9375F /* Info.plist */ = {isa = PBXFileReference; lastKnownFileType = text.plist.xml; path = Info.plist; sourceTree = "<group>"; };
		0738B1CC29AF8ABB00F9375F /* E-commerceTests.xctest */ = {isa = PBXFileReference; explicitFileType = wrapper.cfbundle; includeInIndex = 0; path = "E-commerceTests.xctest"; sourceTree = BUILT_PRODUCTS_DIR; };
		0738B1D029AF8ABB00F9375F /* E_commerceTests.swift */ = {isa = PBXFileReference; lastKnownFileType = sourcecode.swift; path = E_commerceTests.swift; sourceTree = "<group>"; };
		0738B1D629AF8ABB00F9375F /* E-commerceUITests.xctest */ = {isa = PBXFileReference; explicitFileType = wrapper.cfbundle; includeInIndex = 0; path = "E-commerceUITests.xctest"; sourceTree = BUILT_PRODUCTS_DIR; };
		0738B1DA29AF8ABB00F9375F /* E_commerceUITests.swift */ = {isa = PBXFileReference; lastKnownFileType = sourcecode.swift; path = E_commerceUITests.swift; sourceTree = "<group>"; };
		0738B1DC29AF8ABB00F9375F /* E_commerceUITestsLaunchTests.swift */ = {isa = PBXFileReference; lastKnownFileType = sourcecode.swift; path = E_commerceUITestsLaunchTests.swift; sourceTree = "<group>"; };
		074A07A129B3F0F900921383 /* ProductsViewModel.swift */ = {isa = PBXFileReference; lastKnownFileType = sourcecode.swift; path = ProductsViewModel.swift; sourceTree = "<group>"; };
		07525D2729AFC6E20056EEAB /* MeViewController.swift */ = {isa = PBXFileReference; lastKnownFileType = sourcecode.swift; path = MeViewController.swift; sourceTree = "<group>"; };
		07525D2929AFC7830056EEAB /* OrderTableViewCell.swift */ = {isa = PBXFileReference; lastKnownFileType = sourcecode.swift; path = OrderTableViewCell.swift; sourceTree = "<group>"; };
		07525D2B29AFC8830056EEAB /* WishTableViewCell.swift */ = {isa = PBXFileReference; lastKnownFileType = sourcecode.swift; path = WishTableViewCell.swift; sourceTree = "<group>"; };
		076DCFA829B6116A006D90FF /* Category.swift */ = {isa = PBXFileReference; lastKnownFileType = sourcecode.swift; path = Category.swift; sourceTree = "<group>"; };
		076DCFAE29B61529006D90FF /* CategoryViewModel.swift */ = {isa = PBXFileReference; lastKnownFileType = sourcecode.swift; path = CategoryViewModel.swift; sourceTree = "<group>"; };
		0783EFAD29AF9748009592E7 /* HomeViewController.swift */ = {isa = PBXFileReference; lastKnownFileType = sourcecode.swift; path = HomeViewController.swift; sourceTree = "<group>"; };
		0783EFB129AFA21E009592E7 /* BrandsCollectionViewCell.swift */ = {isa = PBXFileReference; lastKnownFileType = sourcecode.swift; path = BrandsCollectionViewCell.swift; sourceTree = "<group>"; };
		0783EFB329AFA240009592E7 /* AdsCollectionViewCell.swift */ = {isa = PBXFileReference; lastKnownFileType = sourcecode.swift; path = AdsCollectionViewCell.swift; sourceTree = "<group>"; };
		0783EFB529AFB8EF009592E7 /* CategoryViewController.swift */ = {isa = PBXFileReference; lastKnownFileType = sourcecode.swift; path = CategoryViewController.swift; sourceTree = "<group>"; };
		0783EFB729AFB954009592E7 /* CategoryCollectionViewCell.swift */ = {isa = PBXFileReference; lastKnownFileType = sourcecode.swift; path = CategoryCollectionViewCell.swift; sourceTree = "<group>"; };
		07D25D0329B0C5B200A99E92 /* HomeViewModel.swift */ = {isa = PBXFileReference; lastKnownFileType = sourcecode.swift; path = HomeViewModel.swift; sourceTree = "<group>"; };
		07D25D0829B0DC4F00A99E92 /* product.swift */ = {isa = PBXFileReference; lastKnownFileType = sourcecode.swift; path = product.swift; sourceTree = "<group>"; };
		39661D6029B692FF00B2C8A5 /* AboutViewController.swift */ = {isa = PBXFileReference; fileEncoding = 4; lastKnownFileType = sourcecode.swift; path = AboutViewController.swift; sourceTree = "<group>"; };
		39661D6429B693A100B2C8A5 /* SettingsViewController.swift */ = {isa = PBXFileReference; fileEncoding = 4; lastKnownFileType = sourcecode.swift; path = SettingsViewController.swift; sourceTree = "<group>"; };
		39661D6629B693F500B2C8A5 /* PaymentViewController.swift */ = {isa = PBXFileReference; fileEncoding = 4; lastKnownFileType = sourcecode.swift; path = PaymentViewController.swift; sourceTree = "<group>"; };
		39661D6829B6943B00B2C8A5 /* ContactUs.swift */ = {isa = PBXFileReference; fileEncoding = 4; lastKnownFileType = sourcecode.swift; path = ContactUs.swift; sourceTree = "<group>"; };
		ABC55C3629B19E8C00444FE8 /* AddNewAddressViewController.swift */ = {isa = PBXFileReference; lastKnownFileType = sourcecode.swift; path = AddNewAddressViewController.swift; sourceTree = "<group>"; };
		DD0FA16429B3AAF1002692E8 /* CustomerModel.swift */ = {isa = PBXFileReference; lastKnownFileType = sourcecode.swift; path = CustomerModel.swift; sourceTree = "<group>"; };
		DD0FA16729B3BA4C002692E8 /* CustomerNetworkManager.swift */ = {isa = PBXFileReference; lastKnownFileType = sourcecode.swift; path = CustomerNetworkManager.swift; sourceTree = "<group>"; };
		DD0FA16A29B3BCF4002692E8 /* SignupViewModel.swift */ = {isa = PBXFileReference; lastKnownFileType = sourcecode.swift; path = SignupViewModel.swift; sourceTree = "<group>"; };
		DD0FA16D29B3F95B002692E8 /* LoginNetworkService.swift */ = {isa = PBXFileReference; lastKnownFileType = sourcecode.swift; path = LoginNetworkService.swift; sourceTree = "<group>"; };
		DD0FA17029B41D3A002692E8 /* LoginViewModel.swift */ = {isa = PBXFileReference; lastKnownFileType = sourcecode.swift; path = LoginViewModel.swift; sourceTree = "<group>"; };
		DD0FA17229B42257002692E8 /* CustomerLoginModel.swift */ = {isa = PBXFileReference; lastKnownFileType = sourcecode.swift; path = CustomerLoginModel.swift; sourceTree = "<group>"; };
		DD88140129B11E2A006C791A /* SettingTableViewCell.swift */ = {isa = PBXFileReference; fileEncoding = 4; lastKnownFileType = sourcecode.swift; path = SettingTableViewCell.swift; sourceTree = "<group>"; };
		DD88140229B11E2A006C791A /* AddressTableViewCell.swift */ = {isa = PBXFileReference; fileEncoding = 4; lastKnownFileType = sourcecode.swift; path = AddressTableViewCell.swift; sourceTree = "<group>"; };
		DD88140329B11E2B006C791A /* AddressViewController.swift */ = {isa = PBXFileReference; fileEncoding = 4; lastKnownFileType = sourcecode.swift; path = AddressViewController.swift; sourceTree = "<group>"; };
		DD88141329B122AD006C791A /* ShopingCartTableViewCell.swift */ = {isa = PBXFileReference; fileEncoding = 4; lastKnownFileType = sourcecode.swift; path = ShopingCartTableViewCell.swift; sourceTree = "<group>"; };
		DD88141429B122AD006C791A /* ShopingCartVC.swift */ = {isa = PBXFileReference; fileEncoding = 4; lastKnownFileType = sourcecode.swift; path = ShopingCartVC.swift; sourceTree = "<group>"; };
		DD88141529B122AE006C791A /* PlaceOrderVC.swift */ = {isa = PBXFileReference; fileEncoding = 4; lastKnownFileType = sourcecode.swift; path = PlaceOrderVC.swift; sourceTree = "<group>"; };
		DD88141629B122AE006C791A /* OrderDetialsTableViewCell.swift */ = {isa = PBXFileReference; fileEncoding = 4; lastKnownFileType = sourcecode.swift; path = OrderDetialsTableViewCell.swift; sourceTree = "<group>"; };
		DD88141729B122AE006C791A /* OrderDetailsVC.swift */ = {isa = PBXFileReference; fileEncoding = 4; lastKnownFileType = sourcecode.swift; path = OrderDetailsVC.swift; sourceTree = "<group>"; };
		DD89C9EB29B575EB006F1A93 /* HomeTabBarController.swift */ = {isa = PBXFileReference; lastKnownFileType = sourcecode.swift; path = HomeTabBarController.swift; sourceTree = "<group>"; };
		DDA4BBAA29B12732004C6406 /* MainViewController.swift */ = {isa = PBXFileReference; fileEncoding = 4; lastKnownFileType = sourcecode.swift; path = MainViewController.swift; sourceTree = "<group>"; };
		DDA4BBAB29B12733004C6406 /* LoginViewController.swift */ = {isa = PBXFileReference; fileEncoding = 4; lastKnownFileType = sourcecode.swift; path = LoginViewController.swift; sourceTree = "<group>"; };
		DDA4BBAC29B12733004C6406 /* ProductDetailsCellViewController.swift */ = {isa = PBXFileReference; fileEncoding = 4; lastKnownFileType = sourcecode.swift; path = ProductDetailsCellViewController.swift; sourceTree = "<group>"; };
		DDA4BBAD29B12733004C6406 /* SignUpViewController.swift */ = {isa = PBXFileReference; fileEncoding = 4; lastKnownFileType = sourcecode.swift; path = SignUpViewController.swift; sourceTree = "<group>"; };
		DDA4BBAE29B12733004C6406 /* ProductDetailsViewController.swift */ = {isa = PBXFileReference; fileEncoding = 4; lastKnownFileType = sourcecode.swift; path = ProductDetailsViewController.swift; sourceTree = "<group>"; };
		DDAFFB5029B62B0800C07CCA /* ProductDetailModel.swift */ = {isa = PBXFileReference; lastKnownFileType = sourcecode.swift; path = ProductDetailModel.swift; sourceTree = "<group>"; };
		DDAFFB5229B6360E00C07CCA /* ProductDetailsViewModel.swift */ = {isa = PBXFileReference; lastKnownFileType = sourcecode.swift; path = ProductDetailsViewModel.swift; sourceTree = "<group>"; };
		DDAFFB5529B6691F00C07CCA /* WishListViewController.swift */ = {isa = PBXFileReference; lastKnownFileType = sourcecode.swift; path = WishListViewController.swift; sourceTree = "<group>"; };
/* End PBXFileReference section */

/* Begin PBXFrameworksBuildPhase section */
		0738B1B029AF8AB900F9375F /* Frameworks */ = {
			isa = PBXFrameworksBuildPhase;
			buildActionMask = 2147483647;
			files = (
				071FAB7C29B00581003D1D3A /* Kingfisher in Frameworks */,
				076DCFAC29B61191006D90FF /* Floaty in Frameworks */,
				071FAB7629AFF51C003D1D3A /* Alamofire in Frameworks */,
			);
			runOnlyForDeploymentPostprocessing = 0;
		};
		0738B1C929AF8ABB00F9375F /* Frameworks */ = {
			isa = PBXFrameworksBuildPhase;
			buildActionMask = 2147483647;
			files = (
			);
			runOnlyForDeploymentPostprocessing = 0;
		};
		0738B1D329AF8ABB00F9375F /* Frameworks */ = {
			isa = PBXFrameworksBuildPhase;
			buildActionMask = 2147483647;
			files = (
			);
			runOnlyForDeploymentPostprocessing = 0;
		};
/* End PBXFrameworksBuildPhase section */

/* Begin PBXGroup section */
		071FAB7729B002FD003D1D3A /* DataModel */ = {
			isa = PBXGroup;
			children = (
				071FAB7829B00315003D1D3A /* Brands.swift */,
			);
			path = DataModel;
			sourceTree = "<group>";
		};
		0738B1AA29AF8AB900F9375F = {
			isa = PBXGroup;
			children = (
				0738B1B529AF8AB900F9375F /* E-commerce */,
				0738B1CF29AF8ABB00F9375F /* E-commerceTests */,
				0738B1D929AF8ABB00F9375F /* E-commerceUITests */,
				0738B1B429AF8AB900F9375F /* Products */,
			);
			sourceTree = "<group>";
		};
		0738B1B429AF8AB900F9375F /* Products */ = {
			isa = PBXGroup;
			children = (
				0738B1B329AF8AB900F9375F /* E-commerce.app */,
				0738B1CC29AF8ABB00F9375F /* E-commerceTests.xctest */,
				0738B1D629AF8ABB00F9375F /* E-commerceUITests.xctest */,
			);
			name = Products;
			sourceTree = "<group>";
		};
		0738B1B529AF8AB900F9375F /* E-commerce */ = {
			isa = PBXGroup;
			children = (
				ABF2FFFF29B18F160007845D /* Utilities */,
				07D25CFF29B0C38F00A99E92 /* Delegate */,
				ABF2FFB429B187A60007845D /* GenericView */,
				395149EA29B1697E00DCCA13 /* GenericModel */,
				395149E729B1635A00DCCA13 /* Modules */,
				0738B1BA29AF8AB900F9375F /* ViewController.swift */,
				39661D6029B692FF00B2C8A5 /* AboutViewController.swift */,
				39661D6629B693F500B2C8A5 /* PaymentViewController.swift */,
				39661D6829B6943B00B2C8A5 /* ContactUs.swift */,
				0738B1C729AF8ABB00F9375F /* Info.plist */,
				0738B1BF29AF8AB900F9375F /* E_commerce.xcdatamodeld */,
			);
			path = "E-commerce";
			sourceTree = "<group>";
		};
		0738B1CF29AF8ABB00F9375F /* E-commerceTests */ = {
			isa = PBXGroup;
			children = (
				0738B1D029AF8ABB00F9375F /* E_commerceTests.swift */,
			);
			path = "E-commerceTests";
			sourceTree = "<group>";
		};
		0738B1D929AF8ABB00F9375F /* E-commerceUITests */ = {
			isa = PBXGroup;
			children = (
				0738B1DA29AF8ABB00F9375F /* E_commerceUITests.swift */,
				0738B1DC29AF8ABB00F9375F /* E_commerceUITestsLaunchTests.swift */,
			);
			path = "E-commerceUITests";
			sourceTree = "<group>";
		};
		074A07A529B3F1A700921383 /* ViewModel */ = {
			isa = PBXGroup;
			children = (
				074A07A129B3F0F900921383 /* ProductsViewModel.swift */,
			);
			path = ViewModel;
			sourceTree = "<group>";
		};
		076DCFA729B61157006D90FF /* Model */ = {
			isa = PBXGroup;
			children = (
				076DCFA829B6116A006D90FF /* Category.swift */,
			);
			path = Model;
			sourceTree = "<group>";
		};
		076DCFAD29B61512006D90FF /* ViewModel */ = {
			isa = PBXGroup;
			children = (
				076DCFAE29B61529006D90FF /* CategoryViewModel.swift */,
			);
			path = ViewModel;
			sourceTree = "<group>";
		};
		07D25CFF29B0C38F00A99E92 /* Delegate */ = {
			isa = PBXGroup;
			children = (
				0738B1B629AF8AB900F9375F /* AppDelegate.swift */,
				0738B1B829AF8AB900F9375F /* SceneDelegate.swift */,
			);
			path = Delegate;
			sourceTree = "<group>";
		};
		07D25D0029B0C40900A99E92 /* HomeTab */ = {
			isa = PBXGroup;
			children = (
				395149E829B1645900DCCA13 /* Model */,
				07D25D0129B0C53C00A99E92 /* View */,
				07D25D0229B0C58300A99E92 /* ViewModel */,
			);
			path = HomeTab;
			sourceTree = "<group>";
		};
		07D25D0129B0C53C00A99E92 /* View */ = {
			isa = PBXGroup;
			children = (
				0783EFAD29AF9748009592E7 /* HomeViewController.swift */,
				0783EFB129AFA21E009592E7 /* BrandsCollectionViewCell.swift */,
				0783EFB329AFA240009592E7 /* AdsCollectionViewCell.swift */,
			);
			path = View;
			sourceTree = "<group>";
		};
		07D25D0229B0C58300A99E92 /* ViewModel */ = {
			isa = PBXGroup;
			children = (
				07D25D0329B0C5B200A99E92 /* HomeViewModel.swift */,
				DD89C9EB29B575EB006F1A93 /* HomeTabBarController.swift */,
			);
			path = ViewModel;
			sourceTree = "<group>";
		};
		07D25D0529B0C5F000A99E92 /* CategoryTab */ = {
			isa = PBXGroup;
			children = (
				076DCFAD29B61512006D90FF /* ViewModel */,
				076DCFA729B61157006D90FF /* Model */,
				ABF2FFEA29B18BE20007845D /* View */,
			);
			path = CategoryTab;
			sourceTree = "<group>";
		};
		07D25D0629B0C64100A99E92 /* MeTab */ = {
			isa = PBXGroup;
			children = (
				ABF2FFF529B18E0C0007845D /* Model */,
				ABF2FFE929B18BC30007845D /* View */,
				ABF2FFE829B18BB30007845D /* ViewModel */,
			);
			path = MeTab;
			sourceTree = "<group>";
		};
		07D25D0729B0C67700A99E92 /* Products */ = {
			isa = PBXGroup;
			children = (
				074A07A529B3F1A700921383 /* ViewModel */,
				ABF2FFE629B18B7F0007845D /* View */,
			);
			path = Products;
			sourceTree = "<group>";
		};
		395149E729B1635A00DCCA13 /* Modules */ = {
			isa = PBXGroup;
			children = (
				DDAFFB5429B668F700C07CCA /* WishList */,
				ABF2FFEF29B18CEE0007845D /* FirstAppScreen */,
				ABF2FFEC29B18C150007845D /* ProductDetals */,
				07D25D0529B0C5F000A99E92 /* CategoryTab */,
				07D25D0629B0C64100A99E92 /* MeTab */,
				07D25D0729B0C67700A99E92 /* Products */,
				ABF2FFDF29B18AF50007845D /* AddNewAddress */,
				ABF2FFCF29B189110007845D /* SignUp */,
				ABF2FFD429B189130007845D /* Login */,
				ABF2FFCA29B188FA0007845D /* Address */,
				ABF2FFC529B188E40007845D /* PlaceOrder */,
				ABF2FFC029B188C20007845D /* ShopingCart */,
				ABF2FFBB29B188A50007845D /* OrderDetails */,
				ABF2FFB529B187EC0007845D /* Settings */,
				07D25D0029B0C40900A99E92 /* HomeTab */,
			);
			path = Modules;
			sourceTree = "<group>";
		};
		395149E829B1645900DCCA13 /* Model */ = {
			isa = PBXGroup;
			children = (
				071FAB7729B002FD003D1D3A /* DataModel */,
			);
			path = Model;
			sourceTree = "<group>";
		};
		395149E929B164CB00DCCA13 /* NetworkServices */ = {
			isa = PBXGroup;
			children = (
				071FAB7229AFF3DD003D1D3A /* ApiService.swift */,
			);
			path = NetworkServices;
			sourceTree = "<group>";
		};
		395149EA29B1697E00DCCA13 /* GenericModel */ = {
			isa = PBXGroup;
			children = (
				DD0FA16629B3B9FF002692E8 /* DataModel */,
				395149E929B164CB00DCCA13 /* NetworkServices */,
			);
			path = GenericModel;
			sourceTree = "<group>";
		};
		ABC55C2F29B19A1600444FE8 /* View */ = {
			isa = PBXGroup;
			children = (
				ABC55C3629B19E8C00444FE8 /* AddNewAddressViewController.swift */,
			);
			path = View;
			sourceTree = "<group>";
		};
		ABF2FFB429B187A60007845D /* GenericView */ = {
			isa = PBXGroup;
			children = (
				0738B1C429AF8ABB00F9375F /* LaunchScreen.storyboard */,
				0738B1BC29AF8AB900F9375F /* Main.storyboard */,
			);
			path = GenericView;
			sourceTree = "<group>";
		};
		ABF2FFB529B187EC0007845D /* Settings */ = {
			isa = PBXGroup;
			children = (
				ABF2FFFE29B18EB70007845D /* Model */,
				ABF2FFB629B188030007845D /* View */,
				ABF2FFB729B188100007845D /* ViewModel */,
			);
			path = Settings;
			sourceTree = "<group>";
		};
		ABF2FFB629B188030007845D /* View */ = {
			isa = PBXGroup;
			children = (
				DD88140129B11E2A006C791A /* SettingTableViewCell.swift */,
				39661D6429B693A100B2C8A5 /* SettingsViewController.swift */,
			);
			path = View;
			sourceTree = "<group>";
		};
		ABF2FFB729B188100007845D /* ViewModel */ = {
			isa = PBXGroup;
			children = (
			);
			path = ViewModel;
			sourceTree = "<group>";
		};
		ABF2FFBB29B188A50007845D /* OrderDetails */ = {
			isa = PBXGroup;
			children = (
				ABF2FFFD29B18EA70007845D /* Model */,
				ABF2FFBD29B188A50007845D /* View */,
			);
			path = OrderDetails;
			sourceTree = "<group>";
		};
		ABF2FFBD29B188A50007845D /* View */ = {
			isa = PBXGroup;
			children = (
				DD88141729B122AE006C791A /* OrderDetailsVC.swift */,
				DD88141629B122AE006C791A /* OrderDetialsTableViewCell.swift */,
			);
			path = View;
			sourceTree = "<group>";
		};
		ABF2FFC029B188C20007845D /* ShopingCart */ = {
			isa = PBXGroup;
			children = (
				ABF2FFFC29B18E950007845D /* Model */,
				ABF2FFC229B188C20007845D /* View */,
			);
			path = ShopingCart;
			sourceTree = "<group>";
		};
		ABF2FFC229B188C20007845D /* View */ = {
			isa = PBXGroup;
			children = (
				DD88141329B122AD006C791A /* ShopingCartTableViewCell.swift */,
				DD88141429B122AD006C791A /* ShopingCartVC.swift */,
			);
			path = View;
			sourceTree = "<group>";
		};
		ABF2FFC529B188E40007845D /* PlaceOrder */ = {
			isa = PBXGroup;
			children = (
				ABF2FFFB29B18E890007845D /* Model */,
				ABF2FFC729B188E40007845D /* View */,
			);
			path = PlaceOrder;
			sourceTree = "<group>";
		};
		ABF2FFC729B188E40007845D /* View */ = {
			isa = PBXGroup;
			children = (
				DD88141529B122AE006C791A /* PlaceOrderVC.swift */,
			);
			path = View;
			sourceTree = "<group>";
		};
		ABF2FFCA29B188FA0007845D /* Address */ = {
			isa = PBXGroup;
			children = (
				ABF2FFFA29B18E780007845D /* Model */,
				ABF2FFCC29B188FA0007845D /* View */,
			);
			path = Address;
			sourceTree = "<group>";
		};
		ABF2FFCC29B188FA0007845D /* View */ = {
			isa = PBXGroup;
			children = (
				DD88140229B11E2A006C791A /* AddressTableViewCell.swift */,
				DD88140329B11E2B006C791A /* AddressViewController.swift */,
			);
			path = View;
			sourceTree = "<group>";
		};
		ABF2FFCF29B189110007845D /* SignUp */ = {
			isa = PBXGroup;
			children = (
				DD0FA16929B3BCCB002692E8 /* ViewModel */,
				DD0FA16329B3AAC1002692E8 /* Model */,
				ABF2FFD129B189110007845D /* View */,
			);
			path = SignUp;
			sourceTree = "<group>";
		};
		ABF2FFD129B189110007845D /* View */ = {
			isa = PBXGroup;
			children = (
				DDA4BBAD29B12733004C6406 /* SignUpViewController.swift */,
			);
			path = View;
			sourceTree = "<group>";
		};
		ABF2FFD429B189130007845D /* Login */ = {
			isa = PBXGroup;
			children = (
				DD0FA16F29B41D19002692E8 /* ViewModel */,
				DD0FA16C29B3F8E5002692E8 /* Model */,
				ABF2FFD629B189130007845D /* View */,
			);
			path = Login;
			sourceTree = "<group>";
		};
		ABF2FFD629B189130007845D /* View */ = {
			isa = PBXGroup;
			children = (
				DDA4BBAB29B12733004C6406 /* LoginViewController.swift */,
			);
			path = View;
			sourceTree = "<group>";
		};
		ABF2FFDF29B18AF50007845D /* AddNewAddress */ = {
			isa = PBXGroup;
			children = (
				ABF2FFF729B18E3A0007845D /* Model */,
				ABC55C2F29B19A1600444FE8 /* View */,
				ABF2FFE129B18AF60007845D /* ViewModel */,
			);
			path = AddNewAddress;
			sourceTree = "<group>";
		};
		ABF2FFE129B18AF60007845D /* ViewModel */ = {
			isa = PBXGroup;
			children = (
			);
			path = ViewModel;
			sourceTree = "<group>";
		};
		ABF2FFE629B18B7F0007845D /* View */ = {
			isa = PBXGroup;
			children = (
				071FAB7D29B01EA7003D1D3A /* ProductsViewController.swift */,
				071FAB7F29B01EF5003D1D3A /* ProductCollectionViewCell.swift */,
			);
			path = View;
			sourceTree = "<group>";
		};
		ABF2FFE829B18BB30007845D /* ViewModel */ = {
			isa = PBXGroup;
			children = (
			);
			path = ViewModel;
			sourceTree = "<group>";
		};
		ABF2FFE929B18BC30007845D /* View */ = {
			isa = PBXGroup;
			children = (
				07525D2729AFC6E20056EEAB /* MeViewController.swift */,
				07525D2929AFC7830056EEAB /* OrderTableViewCell.swift */,
				07525D2B29AFC8830056EEAB /* WishTableViewCell.swift */,
			);
			path = View;
			sourceTree = "<group>";
		};
		ABF2FFEA29B18BE20007845D /* View */ = {
			isa = PBXGroup;
			children = (
				0783EFB529AFB8EF009592E7 /* CategoryViewController.swift */,
				0783EFB729AFB954009592E7 /* CategoryCollectionViewCell.swift */,
			);
			path = View;
			sourceTree = "<group>";
		};
		ABF2FFEC29B18C150007845D /* ProductDetals */ = {
			isa = PBXGroup;
			children = (
				DDAFFB4F29B62AF400C07CCA /* ViewModel */,
				DDAFFB4E29B62ADD00C07CCA /* Model */,
				ABF2FFED29B18C240007845D /* View */,
			);
			path = ProductDetals;
			sourceTree = "<group>";
		};
		ABF2FFED29B18C240007845D /* View */ = {
			isa = PBXGroup;
			children = (
				DDA4BBAC29B12733004C6406 /* ProductDetailsCellViewController.swift */,
				DDA4BBAE29B12733004C6406 /* ProductDetailsViewController.swift */,
			);
			path = View;
			sourceTree = "<group>";
		};
		ABF2FFEF29B18CEE0007845D /* FirstAppScreen */ = {
			isa = PBXGroup;
			children = (
				ABF2FFF229B18DEA0007845D /* Model */,
				ABF2FFF129B18D0E0007845D /* ViewModel */,
				ABF2FFF029B18D040007845D /* View */,
			);
			path = FirstAppScreen;
			sourceTree = "<group>";
		};
		ABF2FFF029B18D040007845D /* View */ = {
			isa = PBXGroup;
			children = (
				DDA4BBAA29B12732004C6406 /* MainViewController.swift */,
			);
			path = View;
			sourceTree = "<group>";
		};
		ABF2FFF129B18D0E0007845D /* ViewModel */ = {
			isa = PBXGroup;
			children = (
			);
			path = ViewModel;
			sourceTree = "<group>";
		};
		ABF2FFF229B18DEA0007845D /* Model */ = {
			isa = PBXGroup;
			children = (
			);
			path = Model;
			sourceTree = "<group>";
		};
		ABF2FFF529B18E0C0007845D /* Model */ = {
			isa = PBXGroup;
			children = (
			);
			path = Model;
			sourceTree = "<group>";
		};
		ABF2FFF729B18E3A0007845D /* Model */ = {
			isa = PBXGroup;
			children = (
			);
			path = Model;
			sourceTree = "<group>";
		};
		ABF2FFFA29B18E780007845D /* Model */ = {
			isa = PBXGroup;
			children = (
			);
			path = Model;
			sourceTree = "<group>";
		};
		ABF2FFFB29B18E890007845D /* Model */ = {
			isa = PBXGroup;
			children = (
			);
			path = Model;
			sourceTree = "<group>";
		};
		ABF2FFFC29B18E950007845D /* Model */ = {
			isa = PBXGroup;
			children = (
			);
			path = Model;
			sourceTree = "<group>";
		};
		ABF2FFFD29B18EA70007845D /* Model */ = {
			isa = PBXGroup;
			children = (
			);
			path = Model;
			sourceTree = "<group>";
		};
		ABF2FFFE29B18EB70007845D /* Model */ = {
			isa = PBXGroup;
			children = (
			);
			path = Model;
			sourceTree = "<group>";
		};
		ABF2FFFF29B18F160007845D /* Utilities */ = {
			isa = PBXGroup;
			children = (
				0738B1C229AF8ABB00F9375F /* Assets.xcassets */,
			);
			path = Utilities;
			sourceTree = "<group>";
		};
		DD0FA16329B3AAC1002692E8 /* Model */ = {
			isa = PBXGroup;
			children = (
				DD0FA16729B3BA4C002692E8 /* CustomerNetworkManager.swift */,
			);
			path = Model;
			sourceTree = "<group>";
		};
		DD0FA16629B3B9FF002692E8 /* DataModel */ = {
			isa = PBXGroup;
			children = (
				DD0FA16429B3AAF1002692E8 /* CustomerModel.swift */,
				07D25D0829B0DC4F00A99E92 /* product.swift */,
			);
			path = DataModel;
			sourceTree = "<group>";
		};
		DD0FA16929B3BCCB002692E8 /* ViewModel */ = {
			isa = PBXGroup;
			children = (
				DD0FA16A29B3BCF4002692E8 /* SignupViewModel.swift */,
			);
			path = ViewModel;
			sourceTree = "<group>";
		};
		DD0FA16C29B3F8E5002692E8 /* Model */ = {
			isa = PBXGroup;
			children = (
				DD0FA17229B42257002692E8 /* CustomerLoginModel.swift */,
				DD0FA16D29B3F95B002692E8 /* LoginNetworkService.swift */,
			);
			path = Model;
			sourceTree = "<group>";
		};
		DD0FA16F29B41D19002692E8 /* ViewModel */ = {
			isa = PBXGroup;
			children = (
				DD0FA17029B41D3A002692E8 /* LoginViewModel.swift */,
			);
			path = ViewModel;
			sourceTree = "<group>";
		};
		DDAFFB4E29B62ADD00C07CCA /* Model */ = {
			isa = PBXGroup;
			children = (
				DDAFFB5029B62B0800C07CCA /* ProductDetailModel.swift */,
			);
			path = Model;
			sourceTree = "<group>";
		};
		DDAFFB4F29B62AF400C07CCA /* ViewModel */ = {
			isa = PBXGroup;
			children = (
				DDAFFB5229B6360E00C07CCA /* ProductDetailsViewModel.swift */,
			);
			path = ViewModel;
			sourceTree = "<group>";
		};
		DDAFFB5429B668F700C07CCA /* WishList */ = {
			isa = PBXGroup;
			children = (
				DDAFFB5529B6691F00C07CCA /* WishListViewController.swift */,
			);
			path = WishList;
			sourceTree = "<group>";
		};
/* End PBXGroup section */

/* Begin PBXNativeTarget section */
		0738B1B229AF8AB900F9375F /* E-commerce */ = {
			isa = PBXNativeTarget;
			buildConfigurationList = 0738B1E029AF8ABB00F9375F /* Build configuration list for PBXNativeTarget "E-commerce" */;
			buildPhases = (
				0738B1AF29AF8AB900F9375F /* Sources */,
				0738B1B029AF8AB900F9375F /* Frameworks */,
				0738B1B129AF8AB900F9375F /* Resources */,
			);
			buildRules = (
			);
			dependencies = (
			);
			name = "E-commerce";
			packageProductDependencies = (
				071FAB7529AFF51C003D1D3A /* Alamofire */,
				071FAB7B29B00581003D1D3A /* Kingfisher */,
				076DCFAB29B61191006D90FF /* Floaty */,
			);
			productName = "E-commerce";
			productReference = 0738B1B329AF8AB900F9375F /* E-commerce.app */;
			productType = "com.apple.product-type.application";
		};
		0738B1CB29AF8ABB00F9375F /* E-commerceTests */ = {
			isa = PBXNativeTarget;
			buildConfigurationList = 0738B1E329AF8ABB00F9375F /* Build configuration list for PBXNativeTarget "E-commerceTests" */;
			buildPhases = (
				0738B1C829AF8ABB00F9375F /* Sources */,
				0738B1C929AF8ABB00F9375F /* Frameworks */,
				0738B1CA29AF8ABB00F9375F /* Resources */,
			);
			buildRules = (
			);
			dependencies = (
				0738B1CE29AF8ABB00F9375F /* PBXTargetDependency */,
			);
			name = "E-commerceTests";
			productName = "E-commerceTests";
			productReference = 0738B1CC29AF8ABB00F9375F /* E-commerceTests.xctest */;
			productType = "com.apple.product-type.bundle.unit-test";
		};
		0738B1D529AF8ABB00F9375F /* E-commerceUITests */ = {
			isa = PBXNativeTarget;
			buildConfigurationList = 0738B1E629AF8ABB00F9375F /* Build configuration list for PBXNativeTarget "E-commerceUITests" */;
			buildPhases = (
				0738B1D229AF8ABB00F9375F /* Sources */,
				0738B1D329AF8ABB00F9375F /* Frameworks */,
				0738B1D429AF8ABB00F9375F /* Resources */,
			);
			buildRules = (
			);
			dependencies = (
				0738B1D829AF8ABB00F9375F /* PBXTargetDependency */,
			);
			name = "E-commerceUITests";
			productName = "E-commerceUITests";
			productReference = 0738B1D629AF8ABB00F9375F /* E-commerceUITests.xctest */;
			productType = "com.apple.product-type.bundle.ui-testing";
		};
/* End PBXNativeTarget section */

/* Begin PBXProject section */
		0738B1AB29AF8AB900F9375F /* Project object */ = {
			isa = PBXProject;
			attributes = {
				BuildIndependentTargetsInParallel = 1;
				LastSwiftUpdateCheck = 1410;
				LastUpgradeCheck = 1410;
				TargetAttributes = {
					0738B1B229AF8AB900F9375F = {
						CreatedOnToolsVersion = 14.1;
					};
					0738B1CB29AF8ABB00F9375F = {
						CreatedOnToolsVersion = 14.1;
						TestTargetID = 0738B1B229AF8AB900F9375F;
					};
					0738B1D529AF8ABB00F9375F = {
						CreatedOnToolsVersion = 14.1;
						TestTargetID = 0738B1B229AF8AB900F9375F;
					};
				};
			};
			buildConfigurationList = 0738B1AE29AF8AB900F9375F /* Build configuration list for PBXProject "E-commerce" */;
			compatibilityVersion = "Xcode 14.0";
			developmentRegion = en;
			hasScannedForEncodings = 0;
			knownRegions = (
				en,
				Base,
			);
			mainGroup = 0738B1AA29AF8AB900F9375F;
			packageReferences = (
				071FAB7429AFF51C003D1D3A /* XCRemoteSwiftPackageReference "Alamofire" */,
				071FAB7A29B00581003D1D3A /* XCRemoteSwiftPackageReference "Kingfisher" */,
				076DCFAA29B61191006D90FF /* XCRemoteSwiftPackageReference "Floaty" */,
			);
			productRefGroup = 0738B1B429AF8AB900F9375F /* Products */;
			projectDirPath = "";
			projectRoot = "";
			targets = (
				0738B1B229AF8AB900F9375F /* E-commerce */,
				0738B1CB29AF8ABB00F9375F /* E-commerceTests */,
				0738B1D529AF8ABB00F9375F /* E-commerceUITests */,
			);
		};
/* End PBXProject section */

/* Begin PBXResourcesBuildPhase section */
		0738B1B129AF8AB900F9375F /* Resources */ = {
			isa = PBXResourcesBuildPhase;
			buildActionMask = 2147483647;
			files = (
				0738B1C629AF8ABB00F9375F /* LaunchScreen.storyboard in Resources */,
				0738B1C329AF8ABB00F9375F /* Assets.xcassets in Resources */,
				0738B1BE29AF8AB900F9375F /* Main.storyboard in Resources */,
			);
			runOnlyForDeploymentPostprocessing = 0;
		};
		0738B1CA29AF8ABB00F9375F /* Resources */ = {
			isa = PBXResourcesBuildPhase;
			buildActionMask = 2147483647;
			files = (
			);
			runOnlyForDeploymentPostprocessing = 0;
		};
		0738B1D429AF8ABB00F9375F /* Resources */ = {
			isa = PBXResourcesBuildPhase;
			buildActionMask = 2147483647;
			files = (
			);
			runOnlyForDeploymentPostprocessing = 0;
		};
/* End PBXResourcesBuildPhase section */

/* Begin PBXSourcesBuildPhase section */
		0738B1AF29AF8AB900F9375F /* Sources */ = {
			isa = PBXSourcesBuildPhase;
			buildActionMask = 2147483647;
			files = (
				07D25D0429B0C5B200A99E92 /* HomeViewModel.swift in Sources */,
				07525D2C29AFC8830056EEAB /* WishTableViewCell.swift in Sources */,
				DD89C9EC29B575EB006F1A93 /* HomeTabBarController.swift in Sources */,
				07525D2829AFC6E20056EEAB /* MeViewController.swift in Sources */,
				071FAB8029B01EF5003D1D3A /* ProductCollectionViewCell.swift in Sources */,
				DD0FA16529B3AAF1002692E8 /* CustomerModel.swift in Sources */,
				0783EFAE29AF9748009592E7 /* HomeViewController.swift in Sources */,
				DD88140829B11E2B006C791A /* AddressViewController.swift in Sources */,
				0783EFB429AFA240009592E7 /* AdsCollectionViewCell.swift in Sources */,
				0738B1BB29AF8AB900F9375F /* ViewController.swift in Sources */,
				0738B1B729AF8AB900F9375F /* AppDelegate.swift in Sources */,
				DDA4BBB229B12733004C6406 /* SignUpViewController.swift in Sources */,
				DD88140629B11E2B006C791A /* SettingTableViewCell.swift in Sources */,
				071FAB7329AFF3DD003D1D3A /* ApiService.swift in Sources */,
				07525D2A29AFC7830056EEAB /* OrderTableViewCell.swift in Sources */,
				DDA4BBAF29B12733004C6406 /* MainViewController.swift in Sources */,
				DDAFFB5629B6691F00C07CCA /* WishListViewController.swift in Sources */,
				DD0FA17329B42257002692E8 /* CustomerLoginModel.swift in Sources */,
				0783EFB829AFB954009592E7 /* CategoryCollectionViewCell.swift in Sources */,
				39661D6729B693F600B2C8A5 /* PaymentViewController.swift in Sources */,
				DD0FA16E29B3F95B002692E8 /* LoginNetworkService.swift in Sources */,
				DD88141829B122AE006C791A /* ShopingCartTableViewCell.swift in Sources */,
				DD0FA16B29B3BCF4002692E8 /* SignupViewModel.swift in Sources */,
				071FAB7E29B01EA7003D1D3A /* ProductsViewController.swift in Sources */,
				071FAB7929B00315003D1D3A /* Brands.swift in Sources */,
				39661D6929B6943B00B2C8A5 /* ContactUs.swift in Sources */,
				DDAFFB5329B6360E00C07CCA /* ProductDetailsViewModel.swift in Sources */,
				39661D6129B692FF00B2C8A5 /* AboutViewController.swift in Sources */,
				39661D6529B693A200B2C8A5 /* SettingsViewController.swift in Sources */,
				DDAFFB5129B62B0800C07CCA /* ProductDetailModel.swift in Sources */,
				DDA4BBB029B12733004C6406 /* LoginViewController.swift in Sources */,
				0783EFB629AFB8EF009592E7 /* CategoryViewController.swift in Sources */,
				DD88140729B11E2B006C791A /* AddressTableViewCell.swift in Sources */,
				DD88141A29B122AE006C791A /* PlaceOrderVC.swift in Sources */,
				ABC55C3729B19E8C00444FE8 /* AddNewAddressViewController.swift in Sources */,
				DD0FA17129B41D3A002692E8 /* LoginViewModel.swift in Sources */,
				074A07A229B3F0F900921383 /* ProductsViewModel.swift in Sources */,
				0738B1C129AF8AB900F9375F /* E_commerce.xcdatamodeld in Sources */,
				DDA4BBB329B12733004C6406 /* ProductDetailsViewController.swift in Sources */,
				07D25D0929B0DC4F00A99E92 /* product.swift in Sources */,
				DD88141929B122AE006C791A /* ShopingCartVC.swift in Sources */,
				076DCFAF29B61529006D90FF /* CategoryViewModel.swift in Sources */,
				DD88141B29B122AE006C791A /* OrderDetialsTableViewCell.swift in Sources */,
				0783EFB229AFA21E009592E7 /* BrandsCollectionViewCell.swift in Sources */,
				DD88141C29B122AE006C791A /* OrderDetailsVC.swift in Sources */,
				DDA4BBB129B12733004C6406 /* ProductDetailsCellViewController.swift in Sources */,
				DD0FA16829B3BA4C002692E8 /* CustomerNetworkManager.swift in Sources */,
				0738B1B929AF8AB900F9375F /* SceneDelegate.swift in Sources */,
				076DCFA929B6116A006D90FF /* Category.swift in Sources */,
			);
			runOnlyForDeploymentPostprocessing = 0;
		};
		0738B1C829AF8ABB00F9375F /* Sources */ = {
			isa = PBXSourcesBuildPhase;
			buildActionMask = 2147483647;
			files = (
				0738B1D129AF8ABB00F9375F /* E_commerceTests.swift in Sources */,
			);
			runOnlyForDeploymentPostprocessing = 0;
		};
		0738B1D229AF8ABB00F9375F /* Sources */ = {
			isa = PBXSourcesBuildPhase;
			buildActionMask = 2147483647;
			files = (
				0738B1DB29AF8ABB00F9375F /* E_commerceUITests.swift in Sources */,
				0738B1DD29AF8ABB00F9375F /* E_commerceUITestsLaunchTests.swift in Sources */,
			);
			runOnlyForDeploymentPostprocessing = 0;
		};
/* End PBXSourcesBuildPhase section */

/* Begin PBXTargetDependency section */
		0738B1CE29AF8ABB00F9375F /* PBXTargetDependency */ = {
			isa = PBXTargetDependency;
			target = 0738B1B229AF8AB900F9375F /* E-commerce */;
			targetProxy = 0738B1CD29AF8ABB00F9375F /* PBXContainerItemProxy */;
		};
		0738B1D829AF8ABB00F9375F /* PBXTargetDependency */ = {
			isa = PBXTargetDependency;
			target = 0738B1B229AF8AB900F9375F /* E-commerce */;
			targetProxy = 0738B1D729AF8ABB00F9375F /* PBXContainerItemProxy */;
		};
/* End PBXTargetDependency section */

/* Begin PBXVariantGroup section */
		0738B1BC29AF8AB900F9375F /* Main.storyboard */ = {
			isa = PBXVariantGroup;
			children = (
				0738B1BD29AF8AB900F9375F /* Base */,
			);
			name = Main.storyboard;
			sourceTree = "<group>";
		};
		0738B1C429AF8ABB00F9375F /* LaunchScreen.storyboard */ = {
			isa = PBXVariantGroup;
			children = (
				0738B1C529AF8ABB00F9375F /* Base */,
			);
			name = LaunchScreen.storyboard;
			sourceTree = "<group>";
		};
/* End PBXVariantGroup section */

/* Begin XCBuildConfiguration section */
		0738B1DE29AF8ABB00F9375F /* Debug */ = {
			isa = XCBuildConfiguration;
			buildSettings = {
				ALWAYS_SEARCH_USER_PATHS = NO;
				CLANG_ANALYZER_NONNULL = YES;
				CLANG_ANALYZER_NUMBER_OBJECT_CONVERSION = YES_AGGRESSIVE;
				CLANG_CXX_LANGUAGE_STANDARD = "gnu++20";
				CLANG_ENABLE_MODULES = YES;
				CLANG_ENABLE_OBJC_ARC = YES;
				CLANG_ENABLE_OBJC_WEAK = YES;
				CLANG_WARN_BLOCK_CAPTURE_AUTORELEASING = YES;
				CLANG_WARN_BOOL_CONVERSION = YES;
				CLANG_WARN_COMMA = YES;
				CLANG_WARN_CONSTANT_CONVERSION = YES;
				CLANG_WARN_DEPRECATED_OBJC_IMPLEMENTATIONS = YES;
				CLANG_WARN_DIRECT_OBJC_ISA_USAGE = YES_ERROR;
				CLANG_WARN_DOCUMENTATION_COMMENTS = YES;
				CLANG_WARN_EMPTY_BODY = YES;
				CLANG_WARN_ENUM_CONVERSION = YES;
				CLANG_WARN_INFINITE_RECURSION = YES;
				CLANG_WARN_INT_CONVERSION = YES;
				CLANG_WARN_NON_LITERAL_NULL_CONVERSION = YES;
				CLANG_WARN_OBJC_IMPLICIT_RETAIN_SELF = YES;
				CLANG_WARN_OBJC_LITERAL_CONVERSION = YES;
				CLANG_WARN_OBJC_ROOT_CLASS = YES_ERROR;
				CLANG_WARN_QUOTED_INCLUDE_IN_FRAMEWORK_HEADER = YES;
				CLANG_WARN_RANGE_LOOP_ANALYSIS = YES;
				CLANG_WARN_STRICT_PROTOTYPES = YES;
				CLANG_WARN_SUSPICIOUS_MOVE = YES;
				CLANG_WARN_UNGUARDED_AVAILABILITY = YES_AGGRESSIVE;
				CLANG_WARN_UNREACHABLE_CODE = YES;
				CLANG_WARN__DUPLICATE_METHOD_MATCH = YES;
				COPY_PHASE_STRIP = NO;
				DEBUG_INFORMATION_FORMAT = dwarf;
				ENABLE_STRICT_OBJC_MSGSEND = YES;
				ENABLE_TESTABILITY = YES;
				GCC_C_LANGUAGE_STANDARD = gnu11;
				GCC_DYNAMIC_NO_PIC = NO;
				GCC_NO_COMMON_BLOCKS = YES;
				GCC_OPTIMIZATION_LEVEL = 0;
				GCC_PREPROCESSOR_DEFINITIONS = (
					"DEBUG=1",
					"$(inherited)",
				);
				GCC_WARN_64_TO_32_BIT_CONVERSION = YES;
				GCC_WARN_ABOUT_RETURN_TYPE = YES_ERROR;
				GCC_WARN_UNDECLARED_SELECTOR = YES;
				GCC_WARN_UNINITIALIZED_AUTOS = YES_AGGRESSIVE;
				GCC_WARN_UNUSED_FUNCTION = YES;
				GCC_WARN_UNUSED_VARIABLE = YES;
				IPHONEOS_DEPLOYMENT_TARGET = 16.1;
				MTL_ENABLE_DEBUG_INFO = INCLUDE_SOURCE;
				MTL_FAST_MATH = YES;
				ONLY_ACTIVE_ARCH = YES;
				SDKROOT = iphoneos;
				SWIFT_ACTIVE_COMPILATION_CONDITIONS = DEBUG;
				SWIFT_OPTIMIZATION_LEVEL = "-Onone";
			};
			name = Debug;
		};
		0738B1DF29AF8ABB00F9375F /* Release */ = {
			isa = XCBuildConfiguration;
			buildSettings = {
				ALWAYS_SEARCH_USER_PATHS = NO;
				CLANG_ANALYZER_NONNULL = YES;
				CLANG_ANALYZER_NUMBER_OBJECT_CONVERSION = YES_AGGRESSIVE;
				CLANG_CXX_LANGUAGE_STANDARD = "gnu++20";
				CLANG_ENABLE_MODULES = YES;
				CLANG_ENABLE_OBJC_ARC = YES;
				CLANG_ENABLE_OBJC_WEAK = YES;
				CLANG_WARN_BLOCK_CAPTURE_AUTORELEASING = YES;
				CLANG_WARN_BOOL_CONVERSION = YES;
				CLANG_WARN_COMMA = YES;
				CLANG_WARN_CONSTANT_CONVERSION = YES;
				CLANG_WARN_DEPRECATED_OBJC_IMPLEMENTATIONS = YES;
				CLANG_WARN_DIRECT_OBJC_ISA_USAGE = YES_ERROR;
				CLANG_WARN_DOCUMENTATION_COMMENTS = YES;
				CLANG_WARN_EMPTY_BODY = YES;
				CLANG_WARN_ENUM_CONVERSION = YES;
				CLANG_WARN_INFINITE_RECURSION = YES;
				CLANG_WARN_INT_CONVERSION = YES;
				CLANG_WARN_NON_LITERAL_NULL_CONVERSION = YES;
				CLANG_WARN_OBJC_IMPLICIT_RETAIN_SELF = YES;
				CLANG_WARN_OBJC_LITERAL_CONVERSION = YES;
				CLANG_WARN_OBJC_ROOT_CLASS = YES_ERROR;
				CLANG_WARN_QUOTED_INCLUDE_IN_FRAMEWORK_HEADER = YES;
				CLANG_WARN_RANGE_LOOP_ANALYSIS = YES;
				CLANG_WARN_STRICT_PROTOTYPES = YES;
				CLANG_WARN_SUSPICIOUS_MOVE = YES;
				CLANG_WARN_UNGUARDED_AVAILABILITY = YES_AGGRESSIVE;
				CLANG_WARN_UNREACHABLE_CODE = YES;
				CLANG_WARN__DUPLICATE_METHOD_MATCH = YES;
				COPY_PHASE_STRIP = NO;
				DEBUG_INFORMATION_FORMAT = "dwarf-with-dsym";
				ENABLE_NS_ASSERTIONS = NO;
				ENABLE_STRICT_OBJC_MSGSEND = YES;
				GCC_C_LANGUAGE_STANDARD = gnu11;
				GCC_NO_COMMON_BLOCKS = YES;
				GCC_WARN_64_TO_32_BIT_CONVERSION = YES;
				GCC_WARN_ABOUT_RETURN_TYPE = YES_ERROR;
				GCC_WARN_UNDECLARED_SELECTOR = YES;
				GCC_WARN_UNINITIALIZED_AUTOS = YES_AGGRESSIVE;
				GCC_WARN_UNUSED_FUNCTION = YES;
				GCC_WARN_UNUSED_VARIABLE = YES;
				IPHONEOS_DEPLOYMENT_TARGET = 16.1;
				MTL_ENABLE_DEBUG_INFO = NO;
				MTL_FAST_MATH = YES;
				SDKROOT = iphoneos;
				SWIFT_COMPILATION_MODE = wholemodule;
				SWIFT_OPTIMIZATION_LEVEL = "-O";
				VALIDATE_PRODUCT = YES;
			};
			name = Release;
		};
		0738B1E129AF8ABB00F9375F /* Debug */ = {
			isa = XCBuildConfiguration;
			buildSettings = {
				ASSETCATALOG_COMPILER_APPICON_NAME = AppIcon;
				ASSETCATALOG_COMPILER_GLOBAL_ACCENT_COLOR_NAME = AccentColor;
				CODE_SIGN_STYLE = Automatic;
				CURRENT_PROJECT_VERSION = 1;
				DEVELOPMENT_TEAM = UQ2YS6389U;
				GENERATE_INFOPLIST_FILE = YES;
				INFOPLIST_FILE = "E-commerce/Info.plist";
				INFOPLIST_KEY_UIApplicationSupportsIndirectInputEvents = YES;
				INFOPLIST_KEY_UILaunchStoryboardName = LaunchScreen;
				INFOPLIST_KEY_UIMainStoryboardFile = Main;
				INFOPLIST_KEY_UISupportedInterfaceOrientations_iPad = "UIInterfaceOrientationPortrait UIInterfaceOrientationPortraitUpsideDown UIInterfaceOrientationLandscapeLeft UIInterfaceOrientationLandscapeRight";
				INFOPLIST_KEY_UISupportedInterfaceOrientations_iPhone = "UIInterfaceOrientationPortrait UIInterfaceOrientationLandscapeLeft UIInterfaceOrientationLandscapeRight";
				LD_RUNPATH_SEARCH_PATHS = (
					"$(inherited)",
					"@executable_path/Frameworks",
				);
				MARKETING_VERSION = 1.0;
				PRODUCT_BUNDLE_IDENTIFIER = "iti.E-commerce";
				PRODUCT_NAME = "$(TARGET_NAME)";
				SWIFT_EMIT_LOC_STRINGS = YES;
				SWIFT_VERSION = 5.0;
				TARGETED_DEVICE_FAMILY = "1,2";
			};
			name = Debug;
		};
		0738B1E229AF8ABB00F9375F /* Release */ = {
			isa = XCBuildConfiguration;
			buildSettings = {
				ASSETCATALOG_COMPILER_APPICON_NAME = AppIcon;
				ASSETCATALOG_COMPILER_GLOBAL_ACCENT_COLOR_NAME = AccentColor;
				CODE_SIGN_STYLE = Automatic;
				CURRENT_PROJECT_VERSION = 1;
				DEVELOPMENT_TEAM = UQ2YS6389U;
				GENERATE_INFOPLIST_FILE = YES;
				INFOPLIST_FILE = "E-commerce/Info.plist";
				INFOPLIST_KEY_UIApplicationSupportsIndirectInputEvents = YES;
				INFOPLIST_KEY_UILaunchStoryboardName = LaunchScreen;
				INFOPLIST_KEY_UIMainStoryboardFile = Main;
				INFOPLIST_KEY_UISupportedInterfaceOrientations_iPad = "UIInterfaceOrientationPortrait UIInterfaceOrientationPortraitUpsideDown UIInterfaceOrientationLandscapeLeft UIInterfaceOrientationLandscapeRight";
				INFOPLIST_KEY_UISupportedInterfaceOrientations_iPhone = "UIInterfaceOrientationPortrait UIInterfaceOrientationLandscapeLeft UIInterfaceOrientationLandscapeRight";
				LD_RUNPATH_SEARCH_PATHS = (
					"$(inherited)",
					"@executable_path/Frameworks",
				);
				MARKETING_VERSION = 1.0;
				PRODUCT_BUNDLE_IDENTIFIER = "iti.E-commerce";
				PRODUCT_NAME = "$(TARGET_NAME)";
				SWIFT_EMIT_LOC_STRINGS = YES;
				SWIFT_VERSION = 5.0;
				TARGETED_DEVICE_FAMILY = "1,2";
			};
			name = Release;
		};
		0738B1E429AF8ABB00F9375F /* Debug */ = {
			isa = XCBuildConfiguration;
			buildSettings = {
				ALWAYS_EMBED_SWIFT_STANDARD_LIBRARIES = YES;
				BUNDLE_LOADER = "$(TEST_HOST)";
				CODE_SIGN_STYLE = Automatic;
				CURRENT_PROJECT_VERSION = 1;
				DEVELOPMENT_TEAM = UQ2YS6389U;
				GENERATE_INFOPLIST_FILE = YES;
				IPHONEOS_DEPLOYMENT_TARGET = 16.1;
				MARKETING_VERSION = 1.0;
				PRODUCT_BUNDLE_IDENTIFIER = "iti.E-commerceTests";
				PRODUCT_NAME = "$(TARGET_NAME)";
				SWIFT_EMIT_LOC_STRINGS = NO;
				SWIFT_VERSION = 5.0;
				TARGETED_DEVICE_FAMILY = "1,2";
				TEST_HOST = "$(BUILT_PRODUCTS_DIR)/E-commerce.app/$(BUNDLE_EXECUTABLE_FOLDER_PATH)/E-commerce";
			};
			name = Debug;
		};
		0738B1E529AF8ABB00F9375F /* Release */ = {
			isa = XCBuildConfiguration;
			buildSettings = {
				ALWAYS_EMBED_SWIFT_STANDARD_LIBRARIES = YES;
				BUNDLE_LOADER = "$(TEST_HOST)";
				CODE_SIGN_STYLE = Automatic;
				CURRENT_PROJECT_VERSION = 1;
				DEVELOPMENT_TEAM = UQ2YS6389U;
				GENERATE_INFOPLIST_FILE = YES;
				IPHONEOS_DEPLOYMENT_TARGET = 16.1;
				MARKETING_VERSION = 1.0;
				PRODUCT_BUNDLE_IDENTIFIER = "iti.E-commerceTests";
				PRODUCT_NAME = "$(TARGET_NAME)";
				SWIFT_EMIT_LOC_STRINGS = NO;
				SWIFT_VERSION = 5.0;
				TARGETED_DEVICE_FAMILY = "1,2";
				TEST_HOST = "$(BUILT_PRODUCTS_DIR)/E-commerce.app/$(BUNDLE_EXECUTABLE_FOLDER_PATH)/E-commerce";
			};
			name = Release;
		};
		0738B1E729AF8ABB00F9375F /* Debug */ = {
			isa = XCBuildConfiguration;
			buildSettings = {
				ALWAYS_EMBED_SWIFT_STANDARD_LIBRARIES = YES;
				CODE_SIGN_STYLE = Automatic;
				CURRENT_PROJECT_VERSION = 1;
				DEVELOPMENT_TEAM = UQ2YS6389U;
				GENERATE_INFOPLIST_FILE = YES;
				MARKETING_VERSION = 1.0;
				PRODUCT_BUNDLE_IDENTIFIER = "iti.E-commerceUITests";
				PRODUCT_NAME = "$(TARGET_NAME)";
				SWIFT_EMIT_LOC_STRINGS = NO;
				SWIFT_VERSION = 5.0;
				TARGETED_DEVICE_FAMILY = "1,2";
				TEST_TARGET_NAME = "E-commerce";
			};
			name = Debug;
		};
		0738B1E829AF8ABB00F9375F /* Release */ = {
			isa = XCBuildConfiguration;
			buildSettings = {
				ALWAYS_EMBED_SWIFT_STANDARD_LIBRARIES = YES;
				CODE_SIGN_STYLE = Automatic;
				CURRENT_PROJECT_VERSION = 1;
				DEVELOPMENT_TEAM = UQ2YS6389U;
				GENERATE_INFOPLIST_FILE = YES;
				MARKETING_VERSION = 1.0;
				PRODUCT_BUNDLE_IDENTIFIER = "iti.E-commerceUITests";
				PRODUCT_NAME = "$(TARGET_NAME)";
				SWIFT_EMIT_LOC_STRINGS = NO;
				SWIFT_VERSION = 5.0;
				TARGETED_DEVICE_FAMILY = "1,2";
				TEST_TARGET_NAME = "E-commerce";
			};
			name = Release;
		};
/* End XCBuildConfiguration section */

/* Begin XCConfigurationList section */
		0738B1AE29AF8AB900F9375F /* Build configuration list for PBXProject "E-commerce" */ = {
			isa = XCConfigurationList;
			buildConfigurations = (
				0738B1DE29AF8ABB00F9375F /* Debug */,
				0738B1DF29AF8ABB00F9375F /* Release */,
			);
			defaultConfigurationIsVisible = 0;
			defaultConfigurationName = Release;
		};
		0738B1E029AF8ABB00F9375F /* Build configuration list for PBXNativeTarget "E-commerce" */ = {
			isa = XCConfigurationList;
			buildConfigurations = (
				0738B1E129AF8ABB00F9375F /* Debug */,
				0738B1E229AF8ABB00F9375F /* Release */,
			);
			defaultConfigurationIsVisible = 0;
			defaultConfigurationName = Release;
		};
		0738B1E329AF8ABB00F9375F /* Build configuration list for PBXNativeTarget "E-commerceTests" */ = {
			isa = XCConfigurationList;
			buildConfigurations = (
				0738B1E429AF8ABB00F9375F /* Debug */,
				0738B1E529AF8ABB00F9375F /* Release */,
			);
			defaultConfigurationIsVisible = 0;
			defaultConfigurationName = Release;
		};
		0738B1E629AF8ABB00F9375F /* Build configuration list for PBXNativeTarget "E-commerceUITests" */ = {
			isa = XCConfigurationList;
			buildConfigurations = (
				0738B1E729AF8ABB00F9375F /* Debug */,
				0738B1E829AF8ABB00F9375F /* Release */,
			);
			defaultConfigurationIsVisible = 0;
			defaultConfigurationName = Release;
		};
/* End XCConfigurationList section */

/* Begin XCRemoteSwiftPackageReference section */
		071FAB7429AFF51C003D1D3A /* XCRemoteSwiftPackageReference "Alamofire" */ = {
			isa = XCRemoteSwiftPackageReference;
			repositoryURL = "https://github.com/Alamofire/Alamofire.git";
			requirement = {
				branch = master;
				kind = branch;
			};
		};
		071FAB7A29B00581003D1D3A /* XCRemoteSwiftPackageReference "Kingfisher" */ = {
			isa = XCRemoteSwiftPackageReference;
			repositoryURL = "https://github.com/onevcat/Kingfisher.git";
			requirement = {
				branch = master;
				kind = branch;
			};
		};
		076DCFAA29B61191006D90FF /* XCRemoteSwiftPackageReference "Floaty" */ = {
			isa = XCRemoteSwiftPackageReference;
			repositoryURL = "https://github.com/kciter/Floaty.git";
			requirement = {
				branch = master;
				kind = branch;
			};
		};
/* End XCRemoteSwiftPackageReference section */

/* Begin XCSwiftPackageProductDependency section */
		071FAB7529AFF51C003D1D3A /* Alamofire */ = {
			isa = XCSwiftPackageProductDependency;
			package = 071FAB7429AFF51C003D1D3A /* XCRemoteSwiftPackageReference "Alamofire" */;
			productName = Alamofire;
		};
		071FAB7B29B00581003D1D3A /* Kingfisher */ = {
			isa = XCSwiftPackageProductDependency;
			package = 071FAB7A29B00581003D1D3A /* XCRemoteSwiftPackageReference "Kingfisher" */;
			productName = Kingfisher;
		};
		076DCFAB29B61191006D90FF /* Floaty */ = {
			isa = XCSwiftPackageProductDependency;
			package = 076DCFAA29B61191006D90FF /* XCRemoteSwiftPackageReference "Floaty" */;
			productName = Floaty;
		};
/* End XCSwiftPackageProductDependency section */

/* Begin XCVersionGroup section */
		0738B1BF29AF8AB900F9375F /* E_commerce.xcdatamodeld */ = {
			isa = XCVersionGroup;
			children = (
				0738B1C029AF8AB900F9375F /* E_commerce.xcdatamodel */,
			);
			currentVersion = 0738B1C029AF8AB900F9375F /* E_commerce.xcdatamodel */;
			path = E_commerce.xcdatamodeld;
			sourceTree = "<group>";
			versionGroupType = wrapper.xcdatamodel;
		};
/* End XCVersionGroup section */
	};
	rootObject = 0738B1AB29AF8AB900F9375F /* Project object */;
}
